// !$*UTF8*$!
{
	archiveVersion = 1;
	classes = {
	};
	objectVersion = 50;
	objects = {

/* Begin PBXBuildFile section */
		630B8F47727156403D2260A6 /* Pods_VK_app.framework in Frameworks */ = {isa = PBXBuildFile; fileRef = 2E4DD79C33B71022EB59A2D0 /* Pods_VK_app.framework */; };
		B60C84AF22EA25CA00007A8E /* NewsFooterCell.swift in Sources */ = {isa = PBXBuildFile; fileRef = B60C84AE22EA25CA00007A8E /* NewsFooterCell.swift */; };
		B60C84B122EA25E600007A8E /* GroupNewsController.swift in Sources */ = {isa = PBXBuildFile; fileRef = B60C84B022EA25E600007A8E /* GroupNewsController.swift */; };
		B60C84B522EB44F400007A8E /* News.swift in Sources */ = {isa = PBXBuildFile; fileRef = B60C84B422EB44F400007A8E /* News.swift */; };
		B60C84BA22EEFC4900007A8E /* LoadingDotView.swift in Sources */ = {isa = PBXBuildFile; fileRef = B60C84B922EEFC4900007A8E /* LoadingDotView.swift */; };
		B618FDC622D370B5004467E2 /* FriendController.swift in Sources */ = {isa = PBXBuildFile; fileRef = B618FDC522D370B5004467E2 /* FriendController.swift */; };
		B618FDCA22D389AD004467E2 /* FriendPhotoController.swift in Sources */ = {isa = PBXBuildFile; fileRef = B618FDC922D389AD004467E2 /* FriendPhotoController.swift */; };
		B618FDCC22D38A8C004467E2 /* FriendPhotoCell.swift in Sources */ = {isa = PBXBuildFile; fileRef = B618FDCB22D38A8C004467E2 /* FriendPhotoCell.swift */; };
		B62992DC22DA288A00452C80 /* FriendAvatarView.swift in Sources */ = {isa = PBXBuildFile; fileRef = B62992DB22DA288A00452C80 /* FriendAvatarView.swift */; };
		B62B20E722D0F3BB007F9161 /* FriendCell.swift in Sources */ = {isa = PBXBuildFile; fileRef = B62B20E622D0F3BB007F9161 /* FriendCell.swift */; };
		B62B20ED22D22CA2007F9161 /* Friend.swift in Sources */ = {isa = PBXBuildFile; fileRef = B62B20EC22D22CA2007F9161 /* Friend.swift */; };
		B62B20EF22D22EAC007F9161 /* Group.swift in Sources */ = {isa = PBXBuildFile; fileRef = B62B20EE22D22EAC007F9161 /* Group.swift */; };
		B62B20F122D22EF0007F9161 /* GroupController.swift in Sources */ = {isa = PBXBuildFile; fileRef = B62B20F022D22EF0007F9161 /* GroupController.swift */; };
		B62B20F322D22FA9007F9161 /* GroupCell.swift in Sources */ = {isa = PBXBuildFile; fileRef = B62B20F222D22FA9007F9161 /* GroupCell.swift */; };
		B64C7B94231581CE00FCF264 /* Photo.swift in Sources */ = {isa = PBXBuildFile; fileRef = B64C7B93231581CE00FCF264 /* Photo.swift */; };
		B66A63CA2318A254004AF737 /* RealmService.swift in Sources */ = {isa = PBXBuildFile; fileRef = B66A63C92318A254004AF737 /* RealmService.swift */; };
		B675DC8F22C679C30074C418 /* AppDelegate.swift in Sources */ = {isa = PBXBuildFile; fileRef = B675DC8E22C679C30074C418 /* AppDelegate.swift */; };
		B675DC9122C679C30074C418 /* LoginController.swift in Sources */ = {isa = PBXBuildFile; fileRef = B675DC9022C679C30074C418 /* LoginController.swift */; };
		B675DC9422C679C30074C418 /* Main.storyboard in Resources */ = {isa = PBXBuildFile; fileRef = B675DC9222C679C30074C418 /* Main.storyboard */; };
		B675DC9622C679C40074C418 /* Assets.xcassets in Resources */ = {isa = PBXBuildFile; fileRef = B675DC9522C679C40074C418 /* Assets.xcassets */; };
		B675DC9922C679C40074C418 /* LaunchScreen.storyboard in Resources */ = {isa = PBXBuildFile; fileRef = B675DC9722C679C40074C418 /* LaunchScreen.storyboard */; };
		B678876E22FC6624009298A7 /* Session.swift in Sources */ = {isa = PBXBuildFile; fileRef = B678876D22FC6624009298A7 /* Session.swift */; };
		B678879023018F0F009298A7 /* NewsCollectionViewLayout.swift in Sources */ = {isa = PBXBuildFile; fileRef = B678878F23018F0F009298A7 /* NewsCollectionViewLayout.swift */; };
		B68F97BF22D24D6E00E0ACB4 /* AllGroupsController.swift in Sources */ = {isa = PBXBuildFile; fileRef = B68F97BE22D24D6E00E0ACB4 /* AllGroupsController.swift */; };
		B69D0E052306AE7C003C9109 /* VKLoginController.swift in Sources */ = {isa = PBXBuildFile; fileRef = B69D0E042306AE7C003C9109 /* VKLoginController.swift */; };
		B69D0E072306B91F003C9109 /* WebKit.framework in Frameworks */ = {isa = PBXBuildFile; fileRef = B69D0E062306B91F003C9109 /* WebKit.framework */; };
		B69D0E0923071C39003C9109 /* NetworkService.swift in Sources */ = {isa = PBXBuildFile; fileRef = B69D0E0823071C39003C9109 /* NetworkService.swift */; };
		B6A16EBD22E10DD3001E10D0 /* LikeImageView.swift in Sources */ = {isa = PBXBuildFile; fileRef = B6A16EBC22E10DD3001E10D0 /* LikeImageView.swift */; };
		B6A1B84322E5B8E8009FC00E /* GradientView.swift in Sources */ = {isa = PBXBuildFile; fileRef = B6A1B84222E5B8E8009FC00E /* GradientView.swift */; };
		B6A1B84722E6383E009FC00E /* CharacterPickerView.swift in Sources */ = {isa = PBXBuildFile; fileRef = B6A1B84622E6383E009FC00E /* CharacterPickerView.swift */; };
		B6A5729922F9E7BC001D78DD /* AnimatedNavigationController.swift in Sources */ = {isa = PBXBuildFile; fileRef = B6A5729822F9E7BC001D78DD /* AnimatedNavigationController.swift */; };
		B6A5729B22FAC94D001D78DD /* NewsfeedViewController.swift in Sources */ = {isa = PBXBuildFile; fileRef = B6A5729A22FAC94D001D78DD /* NewsfeedViewController.swift */; };
		B6B26C102322464100A965D1 /* NewsHeaderCell.swift in Sources */ = {isa = PBXBuildFile; fileRef = B6B26C0F2322464100A965D1 /* NewsHeaderCell.swift */; };
		B6B26C1323224AAB00A965D1 /* NewsTextCell.swift in Sources */ = {isa = PBXBuildFile; fileRef = B6B26C1223224AAB00A965D1 /* NewsTextCell.swift */; };
		B6B26C1523224AF000A965D1 /* NewsMediaCell.swift in Sources */ = {isa = PBXBuildFile; fileRef = B6B26C1423224AF000A965D1 /* NewsMediaCell.swift */; };
		B6B26C172326416F00A965D1 /* UIViewController+Ext.swift in Sources */ = {isa = PBXBuildFile; fileRef = B6B26C162326416F00A965D1 /* UIViewController+Ext.swift */; };
		B6B26C192326448700A965D1 /* UITableView+Ext.swift in Sources */ = {isa = PBXBuildFile; fileRef = B6B26C182326448700A965D1 /* UITableView+Ext.swift */; };
		B6E595E022F875E900580098 /* NavigationControllerAnimator.swift in Sources */ = {isa = PBXBuildFile; fileRef = B6E595DF22F875E900580098 /* NavigationControllerAnimator.swift */; };
		B6FF586322DE33E200B1604D /* PhotoViewController.swift in Sources */ = {isa = PBXBuildFile; fileRef = B6FF586222DE33E200B1604D /* PhotoViewController.swift */; };
/* End PBXBuildFile section */

/* Begin PBXFileReference section */
		2E4DD79C33B71022EB59A2D0 /* Pods_VK_app.framework */ = {isa = PBXFileReference; explicitFileType = wrapper.framework; includeInIndex = 0; path = Pods_VK_app.framework; sourceTree = BUILT_PRODUCTS_DIR; };
		6B06082A9F8AA6AA2E649040 /* Pods-VK_app.debug.xcconfig */ = {isa = PBXFileReference; includeInIndex = 1; lastKnownFileType = text.xcconfig; name = "Pods-VK_app.debug.xcconfig"; path = "Pods/Target Support Files/Pods-VK_app/Pods-VK_app.debug.xcconfig"; sourceTree = "<group>"; };
		B60C84AE22EA25CA00007A8E /* NewsFooterCell.swift */ = {isa = PBXFileReference; lastKnownFileType = sourcecode.swift; path = NewsFooterCell.swift; sourceTree = "<group>"; };
		B60C84B022EA25E600007A8E /* GroupNewsController.swift */ = {isa = PBXFileReference; lastKnownFileType = sourcecode.swift; path = GroupNewsController.swift; sourceTree = "<group>"; };
		B60C84B422EB44F400007A8E /* News.swift */ = {isa = PBXFileReference; lastKnownFileType = sourcecode.swift; path = News.swift; sourceTree = "<group>"; };
		B60C84B922EEFC4900007A8E /* LoadingDotView.swift */ = {isa = PBXFileReference; lastKnownFileType = sourcecode.swift; path = LoadingDotView.swift; sourceTree = "<group>"; };
		B618FDC522D370B5004467E2 /* FriendController.swift */ = {isa = PBXFileReference; lastKnownFileType = sourcecode.swift; path = FriendController.swift; sourceTree = "<group>"; };
		B618FDC922D389AD004467E2 /* FriendPhotoController.swift */ = {isa = PBXFileReference; lastKnownFileType = sourcecode.swift; path = FriendPhotoController.swift; sourceTree = "<group>"; };
		B618FDCB22D38A8C004467E2 /* FriendPhotoCell.swift */ = {isa = PBXFileReference; lastKnownFileType = sourcecode.swift; path = FriendPhotoCell.swift; sourceTree = "<group>"; };
		B62992DB22DA288A00452C80 /* FriendAvatarView.swift */ = {isa = PBXFileReference; lastKnownFileType = sourcecode.swift; path = FriendAvatarView.swift; sourceTree = "<group>"; };
		B62B20E622D0F3BB007F9161 /* FriendCell.swift */ = {isa = PBXFileReference; lastKnownFileType = sourcecode.swift; path = FriendCell.swift; sourceTree = "<group>"; };
		B62B20EC22D22CA2007F9161 /* Friend.swift */ = {isa = PBXFileReference; lastKnownFileType = sourcecode.swift; path = Friend.swift; sourceTree = "<group>"; };
		B62B20EE22D22EAC007F9161 /* Group.swift */ = {isa = PBXFileReference; lastKnownFileType = sourcecode.swift; path = Group.swift; sourceTree = "<group>"; };
		B62B20F022D22EF0007F9161 /* GroupController.swift */ = {isa = PBXFileReference; lastKnownFileType = sourcecode.swift; path = GroupController.swift; sourceTree = "<group>"; };
		B62B20F222D22FA9007F9161 /* GroupCell.swift */ = {isa = PBXFileReference; lastKnownFileType = sourcecode.swift; path = GroupCell.swift; sourceTree = "<group>"; };
		B64C7B93231581CE00FCF264 /* Photo.swift */ = {isa = PBXFileReference; lastKnownFileType = sourcecode.swift; path = Photo.swift; sourceTree = "<group>"; };
		B66A63C92318A254004AF737 /* RealmService.swift */ = {isa = PBXFileReference; lastKnownFileType = sourcecode.swift; path = RealmService.swift; sourceTree = "<group>"; };
		B675DC8B22C679C30074C418 /* VK_app.app */ = {isa = PBXFileReference; explicitFileType = wrapper.application; includeInIndex = 0; path = VK_app.app; sourceTree = BUILT_PRODUCTS_DIR; };
		B675DC8E22C679C30074C418 /* AppDelegate.swift */ = {isa = PBXFileReference; lastKnownFileType = sourcecode.swift; path = AppDelegate.swift; sourceTree = "<group>"; };
		B675DC9022C679C30074C418 /* LoginController.swift */ = {isa = PBXFileReference; lastKnownFileType = sourcecode.swift; path = LoginController.swift; sourceTree = "<group>"; };
		B675DC9322C679C30074C418 /* Base */ = {isa = PBXFileReference; lastKnownFileType = file.storyboard; name = Base; path = Base.lproj/Main.storyboard; sourceTree = "<group>"; };
		B675DC9522C679C40074C418 /* Assets.xcassets */ = {isa = PBXFileReference; lastKnownFileType = folder.assetcatalog; path = Assets.xcassets; sourceTree = "<group>"; };
		B675DC9822C679C40074C418 /* Base */ = {isa = PBXFileReference; lastKnownFileType = file.storyboard; name = Base; path = Base.lproj/LaunchScreen.storyboard; sourceTree = "<group>"; };
		B675DC9A22C679C40074C418 /* Info.plist */ = {isa = PBXFileReference; lastKnownFileType = text.plist.xml; path = Info.plist; sourceTree = "<group>"; };
		B678876D22FC6624009298A7 /* Session.swift */ = {isa = PBXFileReference; lastKnownFileType = sourcecode.swift; path = Session.swift; sourceTree = "<group>"; };
		B678878F23018F0F009298A7 /* NewsCollectionViewLayout.swift */ = {isa = PBXFileReference; lastKnownFileType = sourcecode.swift; path = NewsCollectionViewLayout.swift; sourceTree = "<group>"; };
		B68F97BE22D24D6E00E0ACB4 /* AllGroupsController.swift */ = {isa = PBXFileReference; fileEncoding = 4; lastKnownFileType = sourcecode.swift; path = AllGroupsController.swift; sourceTree = "<group>"; };
		B69D0E042306AE7C003C9109 /* VKLoginController.swift */ = {isa = PBXFileReference; lastKnownFileType = sourcecode.swift; path = VKLoginController.swift; sourceTree = "<group>"; };
		B69D0E062306B91F003C9109 /* WebKit.framework */ = {isa = PBXFileReference; lastKnownFileType = wrapper.framework; name = WebKit.framework; path = System/Library/Frameworks/WebKit.framework; sourceTree = SDKROOT; };
		B69D0E0823071C39003C9109 /* NetworkService.swift */ = {isa = PBXFileReference; lastKnownFileType = sourcecode.swift; path = NetworkService.swift; sourceTree = "<group>"; };
		B6A16EBC22E10DD3001E10D0 /* LikeImageView.swift */ = {isa = PBXFileReference; lastKnownFileType = sourcecode.swift; path = LikeImageView.swift; sourceTree = "<group>"; };
		B6A1B84222E5B8E8009FC00E /* GradientView.swift */ = {isa = PBXFileReference; lastKnownFileType = sourcecode.swift; path = GradientView.swift; sourceTree = "<group>"; };
		B6A1B84622E6383E009FC00E /* CharacterPickerView.swift */ = {isa = PBXFileReference; lastKnownFileType = sourcecode.swift; path = CharacterPickerView.swift; sourceTree = "<group>"; };
		B6A5729822F9E7BC001D78DD /* AnimatedNavigationController.swift */ = {isa = PBXFileReference; lastKnownFileType = sourcecode.swift; path = AnimatedNavigationController.swift; sourceTree = "<group>"; };
		B6A5729A22FAC94D001D78DD /* NewsfeedViewController.swift */ = {isa = PBXFileReference; lastKnownFileType = sourcecode.swift; path = NewsfeedViewController.swift; sourceTree = "<group>"; };
		B6B26C0F2322464100A965D1 /* NewsHeaderCell.swift */ = {isa = PBXFileReference; lastKnownFileType = sourcecode.swift; path = NewsHeaderCell.swift; sourceTree = "<group>"; };
		B6B26C1223224AAB00A965D1 /* NewsTextCell.swift */ = {isa = PBXFileReference; lastKnownFileType = sourcecode.swift; path = NewsTextCell.swift; sourceTree = "<group>"; };
		B6B26C1423224AF000A965D1 /* NewsMediaCell.swift */ = {isa = PBXFileReference; lastKnownFileType = sourcecode.swift; path = NewsMediaCell.swift; sourceTree = "<group>"; };
		B6B26C162326416F00A965D1 /* UIViewController+Ext.swift */ = {isa = PBXFileReference; lastKnownFileType = sourcecode.swift; path = "UIViewController+Ext.swift"; sourceTree = "<group>"; };
		B6B26C182326448700A965D1 /* UITableView+Ext.swift */ = {isa = PBXFileReference; lastKnownFileType = sourcecode.swift; path = "UITableView+Ext.swift"; sourceTree = "<group>"; };
		B6E595DF22F875E900580098 /* NavigationControllerAnimator.swift */ = {isa = PBXFileReference; lastKnownFileType = sourcecode.swift; path = NavigationControllerAnimator.swift; sourceTree = "<group>"; };
		B6FF586222DE33E200B1604D /* PhotoViewController.swift */ = {isa = PBXFileReference; lastKnownFileType = sourcecode.swift; path = PhotoViewController.swift; sourceTree = "<group>"; };
		EB8EB2F842D62FA1BAC82924 /* Pods-VK_app.release.xcconfig */ = {isa = PBXFileReference; includeInIndex = 1; lastKnownFileType = text.xcconfig; name = "Pods-VK_app.release.xcconfig"; path = "Pods/Target Support Files/Pods-VK_app/Pods-VK_app.release.xcconfig"; sourceTree = "<group>"; };
/* End PBXFileReference section */

/* Begin PBXFrameworksBuildPhase section */
		B675DC8822C679C30074C418 /* Frameworks */ = {
			isa = PBXFrameworksBuildPhase;
			buildActionMask = 2147483647;
			files = (
				B69D0E072306B91F003C9109 /* WebKit.framework in Frameworks */,
				630B8F47727156403D2260A6 /* Pods_VK_app.framework in Frameworks */,
			);
			runOnlyForDeploymentPostprocessing = 0;
		};
/* End PBXFrameworksBuildPhase section */

/* Begin PBXGroup section */
		3BF0419B6BF77034ECA35FA3 /* Frameworks */ = {
			isa = PBXGroup;
			children = (
				B69D0E062306B91F003C9109 /* WebKit.framework */,
				2E4DD79C33B71022EB59A2D0 /* Pods_VK_app.framework */,
			);
			name = Frameworks;
			sourceTree = "<group>";
		};
		4AD6AA8BCBB5BA48280ECD5D /* Pods */ = {
			isa = PBXGroup;
			children = (
				6B06082A9F8AA6AA2E649040 /* Pods-VK_app.debug.xcconfig */,
				EB8EB2F842D62FA1BAC82924 /* Pods-VK_app.release.xcconfig */,
			);
			name = Pods;
			sourceTree = "<group>";
		};
		B60C84AD22E7633200007A8E /* TO DO */ = {
			isa = PBXGroup;
			children = (
				B678878F23018F0F009298A7 /* NewsCollectionViewLayout.swift */,
				B6A1B84622E6383E009FC00E /* CharacterPickerView.swift */,
			);
			path = "TO DO";
			sourceTree = "<group>";
		};
		B675DC8222C679C30074C418 = {
			isa = PBXGroup;
			children = (
				B675DC8D22C679C30074C418 /* VK_app */,
				B675DC8C22C679C30074C418 /* Products */,
				4AD6AA8BCBB5BA48280ECD5D /* Pods */,
				3BF0419B6BF77034ECA35FA3 /* Frameworks */,
			);
			sourceTree = "<group>";
		};
		B675DC8C22C679C30074C418 /* Products */ = {
			isa = PBXGroup;
			children = (
				B675DC8B22C679C30074C418 /* VK_app.app */,
			);
			name = Products;
			sourceTree = "<group>";
		};
		B675DC8D22C679C30074C418 /* VK_app */ = {
			isa = PBXGroup;
			children = (
				B675DC8E22C679C30074C418 /* AppDelegate.swift */,
				B6E595DF22F875E900580098 /* NavigationControllerAnimator.swift */,
				B69D0E0823071C39003C9109 /* NetworkService.swift */,
				B66A63C92318A254004AF737 /* RealmService.swift */,
				B6B26C1A232645A200A965D1 /* Extensions */,
				B68F97C322D24E0B00E0ACB4 /* Storyboard */,
				B68F97C122D24DE400E0ACB4 /* Controllers */,
				B68F97C022D24DCD00E0ACB4 /* Cell */,
				B68F97C222D24DF900E0ACB4 /* Model */,
				B6A16EBE22E10E18001E10D0 /* View */,
				B60C84AD22E7633200007A8E /* TO DO */,
				B675DC9A22C679C40074C418 /* Info.plist */,
			);
			path = VK_app;
			sourceTree = "<group>";
		};
		B68F97C022D24DCD00E0ACB4 /* Cell */ = {
			isa = PBXGroup;
			children = (
				B62B20E622D0F3BB007F9161 /* FriendCell.swift */,
				B6B26C112322465100A965D1 /* NewsCell */,
				B62B20F222D22FA9007F9161 /* GroupCell.swift */,
				B618FDCB22D38A8C004467E2 /* FriendPhotoCell.swift */,
			);
			path = Cell;
			sourceTree = "<group>";
		};
		B68F97C122D24DE400E0ACB4 /* Controllers */ = {
			isa = PBXGroup;
			children = (
				B675DC9022C679C30074C418 /* LoginController.swift */,
				B68F97BE22D24D6E00E0ACB4 /* AllGroupsController.swift */,
				B69D0E042306AE7C003C9109 /* VKLoginController.swift */,
				B62B20F022D22EF0007F9161 /* GroupController.swift */,
				B60C84B022EA25E600007A8E /* GroupNewsController.swift */,
				B6A5729822F9E7BC001D78DD /* AnimatedNavigationController.swift */,
				B6A5729A22FAC94D001D78DD /* NewsfeedViewController.swift */,
				B618FDC522D370B5004467E2 /* FriendController.swift */,
				B618FDC922D389AD004467E2 /* FriendPhotoController.swift */,
				B6FF586222DE33E200B1604D /* PhotoViewController.swift */,
			);
			path = Controllers;
			sourceTree = "<group>";
		};
		B68F97C222D24DF900E0ACB4 /* Model */ = {
			isa = PBXGroup;
			children = (
				B62B20EC22D22CA2007F9161 /* Friend.swift */,
				B64C7B93231581CE00FCF264 /* Photo.swift */,
				B678876D22FC6624009298A7 /* Session.swift */,
				B62B20EE22D22EAC007F9161 /* Group.swift */,
				B60C84B422EB44F400007A8E /* News.swift */,
			);
			path = Model;
			sourceTree = "<group>";
		};
		B68F97C322D24E0B00E0ACB4 /* Storyboard */ = {
			isa = PBXGroup;
			children = (
				B675DC9222C679C30074C418 /* Main.storyboard */,
				B675DC9522C679C40074C418 /* Assets.xcassets */,
				B675DC9722C679C40074C418 /* LaunchScreen.storyboard */,
			);
			path = Storyboard;
			sourceTree = "<group>";
		};
		B6A16EBE22E10E18001E10D0 /* View */ = {
			isa = PBXGroup;
			children = (
				B62992DB22DA288A00452C80 /* FriendAvatarView.swift */,
				B6A1B84222E5B8E8009FC00E /* GradientView.swift */,
				B60C84B922EEFC4900007A8E /* LoadingDotView.swift */,
				B6A16EBC22E10DD3001E10D0 /* LikeImageView.swift */,
			);
			path = View;
			sourceTree = "<group>";
		};
		B6B26C112322465100A965D1 /* NewsCell */ = {
			isa = PBXGroup;
			children = (
				B60C84AE22EA25CA00007A8E /* NewsFooterCell.swift */,
				B6B26C1223224AAB00A965D1 /* NewsTextCell.swift */,
				B6B26C1423224AF000A965D1 /* NewsMediaCell.swift */,
				B6B26C0F2322464100A965D1 /* NewsHeaderCell.swift */,
			);
			path = NewsCell;
			sourceTree = "<group>";
		};
		B6B26C1A232645A200A965D1 /* Extensions */ = {
			isa = PBXGroup;
			children = (
				B6B26C162326416F00A965D1 /* UIViewController+Ext.swift */,
				B6B26C182326448700A965D1 /* UITableView+Ext.swift */,
			);
			path = Extensions;
			sourceTree = "<group>";
		};
/* End PBXGroup section */

/* Begin PBXNativeTarget section */
		B675DC8A22C679C30074C418 /* VK_app */ = {
			isa = PBXNativeTarget;
			buildConfigurationList = B675DC9D22C679C40074C418 /* Build configuration list for PBXNativeTarget "VK_app" */;
			buildPhases = (
				A06706D193D3DA3F73C7CB04 /* [CP] Check Pods Manifest.lock */,
				B675DC8722C679C30074C418 /* Sources */,
				B675DC8822C679C30074C418 /* Frameworks */,
				B675DC8922C679C30074C418 /* Resources */,
				2587A6C67D0D9B6641FAAD8B /* [CP] Embed Pods Frameworks */,
			);
			buildRules = (
			);
			dependencies = (
			);
			name = VK_app;
			productName = VK_app;
			productReference = B675DC8B22C679C30074C418 /* VK_app.app */;
			productType = "com.apple.product-type.application";
		};
/* End PBXNativeTarget section */

/* Begin PBXProject section */
		B675DC8322C679C30074C418 /* Project object */ = {
			isa = PBXProject;
			attributes = {
				LastSwiftUpdateCheck = 1020;
				LastUpgradeCheck = 1020;
				ORGANIZATIONNAME = "Aleksandr Fetisov";
				TargetAttributes = {
					B675DC8A22C679C30074C418 = {
						CreatedOnToolsVersion = 10.2.1;
					};
				};
			};
			buildConfigurationList = B675DC8622C679C30074C418 /* Build configuration list for PBXProject "VK_app" */;
			compatibilityVersion = "Xcode 9.3";
			developmentRegion = en;
			hasScannedForEncodings = 0;
			knownRegions = (
				en,
				Base,
			);
			mainGroup = B675DC8222C679C30074C418;
			productRefGroup = B675DC8C22C679C30074C418 /* Products */;
			projectDirPath = "";
			projectRoot = "";
			targets = (
				B675DC8A22C679C30074C418 /* VK_app */,
			);
		};
/* End PBXProject section */

/* Begin PBXResourcesBuildPhase section */
		B675DC8922C679C30074C418 /* Resources */ = {
			isa = PBXResourcesBuildPhase;
			buildActionMask = 2147483647;
			files = (
				B675DC9922C679C40074C418 /* LaunchScreen.storyboard in Resources */,
				B675DC9622C679C40074C418 /* Assets.xcassets in Resources */,
				B675DC9422C679C30074C418 /* Main.storyboard in Resources */,
			);
			runOnlyForDeploymentPostprocessing = 0;
		};
/* End PBXResourcesBuildPhase section */

/* Begin PBXShellScriptBuildPhase section */
		2587A6C67D0D9B6641FAAD8B /* [CP] Embed Pods Frameworks */ = {
			isa = PBXShellScriptBuildPhase;
			buildActionMask = 2147483647;
			files = (
			);
			inputPaths = (
				"${SRCROOT}/Pods/Target Support Files/Pods-VK_app/Pods-VK_app-frameworks.sh",
				"${BUILT_PRODUCTS_DIR}/Alamofire/Alamofire.framework",
				"${BUILT_PRODUCTS_DIR}/Kingfisher/Kingfisher.framework",
				"${BUILT_PRODUCTS_DIR}/Realm/Realm.framework",
				"${BUILT_PRODUCTS_DIR}/RealmSwift/RealmSwift.framework",
				"${BUILT_PRODUCTS_DIR}/SwiftKeychainWrapper/SwiftKeychainWrapper.framework",
				"${BUILT_PRODUCTS_DIR}/SwiftyJSON/SwiftyJSON.framework",
			);
			name = "[CP] Embed Pods Frameworks";
			outputPaths = (
				"${TARGET_BUILD_DIR}/${FRAMEWORKS_FOLDER_PATH}/Alamofire.framework",
				"${TARGET_BUILD_DIR}/${FRAMEWORKS_FOLDER_PATH}/Kingfisher.framework",
				"${TARGET_BUILD_DIR}/${FRAMEWORKS_FOLDER_PATH}/Realm.framework",
				"${TARGET_BUILD_DIR}/${FRAMEWORKS_FOLDER_PATH}/RealmSwift.framework",
				"${TARGET_BUILD_DIR}/${FRAMEWORKS_FOLDER_PATH}/SwiftKeychainWrapper.framework",
				"${TARGET_BUILD_DIR}/${FRAMEWORKS_FOLDER_PATH}/SwiftyJSON.framework",
			);
			runOnlyForDeploymentPostprocessing = 0;
			shellPath = /bin/sh;
			shellScript = "\"${SRCROOT}/Pods/Target Support Files/Pods-VK_app/Pods-VK_app-frameworks.sh\"\n";
			showEnvVarsInLog = 0;
		};
		A06706D193D3DA3F73C7CB04 /* [CP] Check Pods Manifest.lock */ = {
			isa = PBXShellScriptBuildPhase;
			buildActionMask = 2147483647;
			files = (
			);
			inputPaths = (
				"${PODS_PODFILE_DIR_PATH}/Podfile.lock",
				"${PODS_ROOT}/Manifest.lock",
			);
			name = "[CP] Check Pods Manifest.lock";
			outputPaths = (
				"$(DERIVED_FILE_DIR)/Pods-VK_app-checkManifestLockResult.txt",
			);
			runOnlyForDeploymentPostprocessing = 0;
			shellPath = /bin/sh;
			shellScript = "diff \"${PODS_PODFILE_DIR_PATH}/Podfile.lock\" \"${PODS_ROOT}/Manifest.lock\" > /dev/null\nif [ $? != 0 ] ; then\n    # print error to STDERR\n    echo \"error: The sandbox is not in sync with the Podfile.lock. Run 'pod install' or update your CocoaPods installation.\" >&2\n    exit 1\nfi\n# This output is used by Xcode 'outputs' to avoid re-running this script phase.\necho \"SUCCESS\" > \"${SCRIPT_OUTPUT_FILE_0}\"\n";
			showEnvVarsInLog = 0;
		};
/* End PBXShellScriptBuildPhase section */

/* Begin PBXSourcesBuildPhase section */
		B675DC8722C679C30074C418 /* Sources */ = {
			isa = PBXSourcesBuildPhase;
			buildActionMask = 2147483647;
			files = (
				B64C7B94231581CE00FCF264 /* Photo.swift in Sources */,
				B6B26C192326448700A965D1 /* UITableView+Ext.swift in Sources */,
				B6B26C1323224AAB00A965D1 /* NewsTextCell.swift in Sources */,
				B6A5729922F9E7BC001D78DD /* AnimatedNavigationController.swift in Sources */,
				B675DC9122C679C30074C418 /* LoginController.swift in Sources */,
				B6A5729B22FAC94D001D78DD /* NewsfeedViewController.swift in Sources */,
				B68F97BF22D24D6E00E0ACB4 /* AllGroupsController.swift in Sources */,
				B60C84AF22EA25CA00007A8E /* NewsFooterCell.swift in Sources */,
				B6A1B84322E5B8E8009FC00E /* GradientView.swift in Sources */,
				B69D0E052306AE7C003C9109 /* VKLoginController.swift in Sources */,
				B62B20E722D0F3BB007F9161 /* FriendCell.swift in Sources */,
				B618FDCC22D38A8C004467E2 /* FriendPhotoCell.swift in Sources */,
				B6B26C1523224AF000A965D1 /* NewsMediaCell.swift in Sources */,
				B60C84B522EB44F400007A8E /* News.swift in Sources */,
				B62B20ED22D22CA2007F9161 /* Friend.swift in Sources */,
				B6B26C172326416F00A965D1 /* UIViewController+Ext.swift in Sources */,
				B62B20F122D22EF0007F9161 /* GroupController.swift in Sources */,
				B618FDCA22D389AD004467E2 /* FriendPhotoController.swift in Sources */,
				B69D0E0923071C39003C9109 /* NetworkService.swift in Sources */,
				B675DC8F22C679C30074C418 /* AppDelegate.swift in Sources */,
				B62B20EF22D22EAC007F9161 /* Group.swift in Sources */,
				B6B26C102322464100A965D1 /* NewsHeaderCell.swift in Sources */,
				B6E595E022F875E900580098 /* NavigationControllerAnimator.swift in Sources */,
				B6A1B84722E6383E009FC00E /* CharacterPickerView.swift in Sources */,
				B618FDC622D370B5004467E2 /* FriendController.swift in Sources */,
				B62B20F322D22FA9007F9161 /* GroupCell.swift in Sources */,
				B60C84BA22EEFC4900007A8E /* LoadingDotView.swift in Sources */,
				B62992DC22DA288A00452C80 /* FriendAvatarView.swift in Sources */,
				B66A63CA2318A254004AF737 /* RealmService.swift in Sources */,
				B678876E22FC6624009298A7 /* Session.swift in Sources */,
				B60C84B122EA25E600007A8E /* GroupNewsController.swift in Sources */,
				B6FF586322DE33E200B1604D /* PhotoViewController.swift in Sources */,
				B6A16EBD22E10DD3001E10D0 /* LikeImageView.swift in Sources */,
				B678879023018F0F009298A7 /* NewsCollectionViewLayout.swift in Sources */,
			);
			runOnlyForDeploymentPostprocessing = 0;
		};
/* End PBXSourcesBuildPhase section */

/* Begin PBXVariantGroup section */
		B675DC9222C679C30074C418 /* Main.storyboard */ = {
			isa = PBXVariantGroup;
			children = (
				B675DC9322C679C30074C418 /* Base */,
			);
			name = Main.storyboard;
			sourceTree = "<group>";
		};
		B675DC9722C679C40074C418 /* LaunchScreen.storyboard */ = {
			isa = PBXVariantGroup;
			children = (
				B675DC9822C679C40074C418 /* Base */,
			);
			name = LaunchScreen.storyboard;
			sourceTree = "<group>";
		};
/* End PBXVariantGroup section */

/* Begin XCBuildConfiguration section */
		B675DC9B22C679C40074C418 /* Debug */ = {
			isa = XCBuildConfiguration;
			buildSettings = {
				ALWAYS_SEARCH_USER_PATHS = NO;
				CLANG_ANALYZER_NONNULL = YES;
				CLANG_ANALYZER_NUMBER_OBJECT_CONVERSION = YES_AGGRESSIVE;
				CLANG_CXX_LANGUAGE_STANDARD = "gnu++14";
				CLANG_CXX_LIBRARY = "libc++";
				CLANG_ENABLE_MODULES = YES;
				CLANG_ENABLE_OBJC_ARC = YES;
				CLANG_ENABLE_OBJC_WEAK = YES;
				CLANG_WARN_BLOCK_CAPTURE_AUTORELEASING = YES;
				CLANG_WARN_BOOL_CONVERSION = YES;
				CLANG_WARN_COMMA = YES;
				CLANG_WARN_CONSTANT_CONVERSION = YES;
				CLANG_WARN_DEPRECATED_OBJC_IMPLEMENTATIONS = YES;
				CLANG_WARN_DIRECT_OBJC_ISA_USAGE = YES_ERROR;
				CLANG_WARN_DOCUMENTATION_COMMENTS = YES;
				CLANG_WARN_EMPTY_BODY = YES;
				CLANG_WARN_ENUM_CONVERSION = YES;
				CLANG_WARN_INFINITE_RECURSION = YES;
				CLANG_WARN_INT_CONVERSION = YES;
				CLANG_WARN_NON_LITERAL_NULL_CONVERSION = YES;
				CLANG_WARN_OBJC_IMPLICIT_RETAIN_SELF = YES;
				CLANG_WARN_OBJC_LITERAL_CONVERSION = YES;
				CLANG_WARN_OBJC_ROOT_CLASS = YES_ERROR;
				CLANG_WARN_RANGE_LOOP_ANALYSIS = YES;
				CLANG_WARN_STRICT_PROTOTYPES = YES;
				CLANG_WARN_SUSPICIOUS_MOVE = YES;
				CLANG_WARN_UNGUARDED_AVAILABILITY = YES_AGGRESSIVE;
				CLANG_WARN_UNREACHABLE_CODE = YES;
				CLANG_WARN__DUPLICATE_METHOD_MATCH = YES;
				CODE_SIGN_IDENTITY = "iPhone Developer";
				COPY_PHASE_STRIP = NO;
				DEBUG_INFORMATION_FORMAT = dwarf;
				ENABLE_STRICT_OBJC_MSGSEND = YES;
				ENABLE_TESTABILITY = YES;
				GCC_C_LANGUAGE_STANDARD = gnu11;
				GCC_DYNAMIC_NO_PIC = NO;
				GCC_NO_COMMON_BLOCKS = YES;
				GCC_OPTIMIZATION_LEVEL = 0;
				GCC_PREPROCESSOR_DEFINITIONS = (
					"DEBUG=1",
					"$(inherited)",
				);
				GCC_WARN_64_TO_32_BIT_CONVERSION = YES;
				GCC_WARN_ABOUT_RETURN_TYPE = YES_ERROR;
				GCC_WARN_UNDECLARED_SELECTOR = YES;
				GCC_WARN_UNINITIALIZED_AUTOS = YES_AGGRESSIVE;
				GCC_WARN_UNUSED_FUNCTION = YES;
				GCC_WARN_UNUSED_VARIABLE = YES;
				IPHONEOS_DEPLOYMENT_TARGET = 12.2;
				MTL_ENABLE_DEBUG_INFO = INCLUDE_SOURCE;
				MTL_FAST_MATH = YES;
				ONLY_ACTIVE_ARCH = YES;
				SDKROOT = iphoneos;
				SWIFT_ACTIVE_COMPILATION_CONDITIONS = DEBUG;
				SWIFT_OPTIMIZATION_LEVEL = "-Onone";
			};
			name = Debug;
		};
		B675DC9C22C679C40074C418 /* Release */ = {
			isa = XCBuildConfiguration;
			buildSettings = {
				ALWAYS_SEARCH_USER_PATHS = NO;
				CLANG_ANALYZER_NONNULL = YES;
				CLANG_ANALYZER_NUMBER_OBJECT_CONVERSION = YES_AGGRESSIVE;
				CLANG_CXX_LANGUAGE_STANDARD = "gnu++14";
				CLANG_CXX_LIBRARY = "libc++";
				CLANG_ENABLE_MODULES = YES;
				CLANG_ENABLE_OBJC_ARC = YES;
				CLANG_ENABLE_OBJC_WEAK = YES;
				CLANG_WARN_BLOCK_CAPTURE_AUTORELEASING = YES;
				CLANG_WARN_BOOL_CONVERSION = YES;
				CLANG_WARN_COMMA = YES;
				CLANG_WARN_CONSTANT_CONVERSION = YES;
				CLANG_WARN_DEPRECATED_OBJC_IMPLEMENTATIONS = YES;
				CLANG_WARN_DIRECT_OBJC_ISA_USAGE = YES_ERROR;
				CLANG_WARN_DOCUMENTATION_COMMENTS = YES;
				CLANG_WARN_EMPTY_BODY = YES;
				CLANG_WARN_ENUM_CONVERSION = YES;
				CLANG_WARN_INFINITE_RECURSION = YES;
				CLANG_WARN_INT_CONVERSION = YES;
				CLANG_WARN_NON_LITERAL_NULL_CONVERSION = YES;
				CLANG_WARN_OBJC_IMPLICIT_RETAIN_SELF = YES;
				CLANG_WARN_OBJC_LITERAL_CONVERSION = YES;
				CLANG_WARN_OBJC_ROOT_CLASS = YES_ERROR;
				CLANG_WARN_RANGE_LOOP_ANALYSIS = YES;
				CLANG_WARN_STRICT_PROTOTYPES = YES;
				CLANG_WARN_SUSPICIOUS_MOVE = YES;
				CLANG_WARN_UNGUARDED_AVAILABILITY = YES_AGGRESSIVE;
				CLANG_WARN_UNREACHABLE_CODE = YES;
				CLANG_WARN__DUPLICATE_METHOD_MATCH = YES;
				CODE_SIGN_IDENTITY = "iPhone Developer";
				COPY_PHASE_STRIP = NO;
				DEBUG_INFORMATION_FORMAT = "dwarf-with-dsym";
				ENABLE_NS_ASSERTIONS = NO;
				ENABLE_STRICT_OBJC_MSGSEND = YES;
				GCC_C_LANGUAGE_STANDARD = gnu11;
				GCC_NO_COMMON_BLOCKS = YES;
				GCC_WARN_64_TO_32_BIT_CONVERSION = YES;
				GCC_WARN_ABOUT_RETURN_TYPE = YES_ERROR;
				GCC_WARN_UNDECLARED_SELECTOR = YES;
				GCC_WARN_UNINITIALIZED_AUTOS = YES_AGGRESSIVE;
				GCC_WARN_UNUSED_FUNCTION = YES;
				GCC_WARN_UNUSED_VARIABLE = YES;
				IPHONEOS_DEPLOYMENT_TARGET = 12.2;
				MTL_ENABLE_DEBUG_INFO = NO;
				MTL_FAST_MATH = YES;
				SDKROOT = iphoneos;
				SWIFT_COMPILATION_MODE = wholemodule;
				SWIFT_OPTIMIZATION_LEVEL = "-O";
				VALIDATE_PRODUCT = YES;
			};
			name = Release;
		};
		B675DC9E22C679C40074C418 /* Debug */ = {
			isa = XCBuildConfiguration;
			baseConfigurationReference = 6B06082A9F8AA6AA2E649040 /* Pods-VK_app.debug.xcconfig */;
			buildSettings = {
				ASSETCATALOG_COMPILER_APPICON_NAME = AppIcon;
				CODE_SIGN_STYLE = Automatic;
				DEVELOPMENT_TEAM = 77NB29ZK26;
				INFOPLIST_FILE = VK_app/Info.plist;
				IPHONEOS_DEPLOYMENT_TARGET = 12.2;
				LD_RUNPATH_SEARCH_PATHS = (
					"$(inherited)",
					"@executable_path/Frameworks",
				);
				PRODUCT_BUNDLE_IDENTIFIER = "Swift.VK-app";
				PRODUCT_NAME = "$(TARGET_NAME)";
				SWIFT_VERSION = 5.0;
				TARGETED_DEVICE_FAMILY = "1,2";
			};
			name = Debug;
		};
		B675DC9F22C679C40074C418 /* Release */ = {
			isa = XCBuildConfiguration;
			baseConfigurationReference = EB8EB2F842D62FA1BAC82924 /* Pods-VK_app.release.xcconfig */;
			buildSettings = {
				ASSETCATALOG_COMPILER_APPICON_NAME = AppIcon;
				CODE_SIGN_STYLE = Automatic;
				DEVELOPMENT_TEAM = 77NB29ZK26;
				INFOPLIST_FILE = VK_app/Info.plist;
				IPHONEOS_DEPLOYMENT_TARGET = 12.2;
				LD_RUNPATH_SEARCH_PATHS = (
					"$(inherited)",
					"@executable_path/Frameworks",
				);
				PRODUCT_BUNDLE_IDENTIFIER = "Swift.VK-app";
				PRODUCT_NAME = "$(TARGET_NAME)";
				SWIFT_VERSION = 5.0;
				TARGETED_DEVICE_FAMILY = "1,2";
			};
			name = Release;
		};
/* End XCBuildConfiguration section */

/* Begin XCConfigurationList section */
		B675DC8622C679C30074C418 /* Build configuration list for PBXProject "VK_app" */ = {
			isa = XCConfigurationList;
			buildConfigurations = (
				B675DC9B22C679C40074C418 /* Debug */,
				B675DC9C22C679C40074C418 /* Release */,
			);
			defaultConfigurationIsVisible = 0;
			defaultConfigurationName = Release;
		};
		B675DC9D22C679C40074C418 /* Build configuration list for PBXNativeTarget "VK_app" */ = {
			isa = XCConfigurationList;
			buildConfigurations = (
				B675DC9E22C679C40074C418 /* Debug */,
				B675DC9F22C679C40074C418 /* Release */,
			);
			defaultConfigurationIsVisible = 0;
			defaultConfigurationName = Release;
		};
/* End XCConfigurationList section */
	};
	rootObject = B675DC8322C679C30074C418 /* Project object */;
}
